
Microsoft Visual Studio Solution File, Format Version 12.00
# Visual Studio 15
VisualStudioVersion = 15.0.28307.705
MinimumVisualStudioVersion = 10.0.40219.1
Project("{FAE04EC0-301F-11D3-BF4B-00C04F79EFBC}") = "Api.ManagerGift", "Api.ManagerGift\Api.ManagerGift.csproj", "{69021EE6-F5C2-4C65-A5EF-945CACA33BDB}"
EndProject
Global
	GlobalSection(SolutionConfigurationPlatforms) = preSolution
		Debug|Any CPU = Debug|Any CPU
		Release|Any CPU = Release|Any CPU
	EndGlobalSection
	GlobalSection(ProjectConfigurationPlatforms) = postSolution
		{69021EE6-F5C2-4C65-A5EF-945CACA33BDB}.Debug|Any CPU.ActiveCfg = Debug|Any CPU
		{69021EE6-F5C2-4C65-A5EF-945CACA33BDB}.Debug|Any CPU.Build.0 = Debug|Any CPU
		{69021EE6-F5C2-4C65-A5EF-945CACA33BDB}.Release|Any CPU.ActiveCfg = Release|Any CPU
		{69021EE6-F5C2-4C65-A5EF-945CACA33BDB}.Release|Any CPU.Build.0 = Release|Any CPU
	EndGlobalSection
	GlobalSection(SolutionProperties) = preSolution
		HideSolutionNode = FALSE
	EndGlobalSection
	GlobalSection(ExtensibilityGlobals) = postSolution
		SolutionGuid = {F8B21BE5-1CC5-48B3-ABCA-DFD67EFE3D1B}
	EndGlobalSection
EndGlobal
